
Microsoft Visual Studio Solution File, Format Version 12.00
# Visual Studio Version 17
VisualStudioVersion = 17.3.32819.101
MinimumVisualStudioVersion = 10.0.40219.1
Project("{FAE04EC0-301F-11D3-BF4B-00C04F79EFBC}") = "Elevator", "Elevator\Elevator.csproj", "{C48953B4-CA29-43F1-8C9D-F77B187E06DF}"
EndProject
Global
	GlobalSection(SolutionConfigurationPlatforms) = preSolution
		Debug|Any CPU = Debug|Any CPU
		Release|Any CPU = Release|Any CPU
	EndGlobalSection
	GlobalSection(ProjectConfigurationPlatforms) = postSolution
		{C48953B4-CA29-43F1-8C9D-F77B187E06DF}.Debug|Any CPU.ActiveCfg = Debug|Any CPU
		{C48953B4-CA29-43F1-8C9D-F77B187E06DF}.Debug|Any CPU.Build.0 = Debug|Any CPU
		{C48953B4-CA29-43F1-8C9D-F77B187E06DF}.Release|Any CPU.ActiveCfg = Release|Any CPU
		{C48953B4-CA29-43F1-8C9D-F77B187E06DF}.Release|Any CPU.Build.0 = Release|Any CPU
	EndGlobalSection
	GlobalSection(SolutionProperties) = preSolution
		HideSolutionNode = FALSE
	EndGlobalSection
	GlobalSection(ExtensibilityGlobals) = postSolution
		SolutionGuid = {1D4F9A61-ABA5-4802-A488-E4DCB9C280BC}
	EndGlobalSection
EndGlobal
